
Microsoft Visual Studio Solution File, Format Version 12.00
# Visual Studio Version 16
VisualStudioVersion = 16.0.31424.327
MinimumVisualStudioVersion = 10.0.40219.1
Project("{9A19103F-16F7-4668-BE54-9A1E7A4F7556}") = "01 - Assicurazioni", "01 - Assicurazioni\01 - Assicurazioni.csproj", "{5C33280C-1B6E-4D9E-9C42-B38AD87A0DA2}"
EndProject
Project("{9A19103F-16F7-4668-BE54-9A1E7A4F7556}") = "02 - Veterinari", "02 - Veterinari\02 - Veterinari.csproj", "{73BA4AA8-9401-4D57-AAD9-B4AB1C09EE13}"
EndProject
Project("{9A19103F-16F7-4668-BE54-9A1E7A4F7556}") = "03 - CinemaReflection", "03 - CinemaReflection\03 - CinemaReflection.csproj", "{789D8E49-DC64-48E9-AD2F-EB6BC17E5E0F}"
EndProject
Project("{9A19103F-16F7-4668-BE54-9A1E7A4F7556}") = "04 - Company", "04 - Company\04 - Company.csproj", "{26527EA1-0ED2-474C-AFE4-C876FA5D25E4}"
EndProject
Project("{9A19103F-16F7-4668-BE54-9A1E7A4F7556}") = "Utility", "Utility\Utility.csproj", "{2B6ED1A8-FDA6-4288-B4F6-EEEE9328ED67}"
EndProject
Project("{9A19103F-16F7-4668-BE54-9A1E7A4F7556}") = "05 - TattooShop", "05 - TattooShop\05 - TattooShop.csproj", "{E4793EE7-1168-4890-8C8B-358433E9F77F}"
EndProject
Project("{9A19103F-16F7-4668-BE54-9A1E7A4F7556}") = "06 - Zoo", "06 - Zoo\06 - Zoo.csproj", "{60627D5B-EBDF-4CB3-A316-D991EDFF4028}"
EndProject
Project("{9A19103F-16F7-4668-BE54-9A1E7A4F7556}") = "07 - Concessionaria", "07 - Concessionaria\07 - Concessionaria.csproj", "{5FB8F829-72BF-4663-ADBF-635B191EE5E1}"
EndProject
Project("{9A19103F-16F7-4668-BE54-9A1E7A4F7556}") = "08 - ProvaLinq", "08 - ProvaLinq\08 - ProvaLinq.csproj", "{14C02239-4D24-484C-BBBD-FCBB558EF50F}"
EndProject
Project("{FAE04EC0-301F-11D3-BF4B-00C04F79EFBC}") = "09 - LibreriaCarol", "09 - LibreriaCarol\09 - LibreriaCarol.csproj", "{3A27B269-9392-4D96-8E63-A7C4E03E3926}"
EndProject
Global
	GlobalSection(SolutionConfigurationPlatforms) = preSolution
		Debug|Any CPU = Debug|Any CPU
		Release|Any CPU = Release|Any CPU
	EndGlobalSection
	GlobalSection(ProjectConfigurationPlatforms) = postSolution
		{5C33280C-1B6E-4D9E-9C42-B38AD87A0DA2}.Debug|Any CPU.ActiveCfg = Debug|Any CPU
		{5C33280C-1B6E-4D9E-9C42-B38AD87A0DA2}.Debug|Any CPU.Build.0 = Debug|Any CPU
		{5C33280C-1B6E-4D9E-9C42-B38AD87A0DA2}.Release|Any CPU.ActiveCfg = Release|Any CPU
		{5C33280C-1B6E-4D9E-9C42-B38AD87A0DA2}.Release|Any CPU.Build.0 = Release|Any CPU
		{73BA4AA8-9401-4D57-AAD9-B4AB1C09EE13}.Debug|Any CPU.ActiveCfg = Debug|Any CPU
		{73BA4AA8-9401-4D57-AAD9-B4AB1C09EE13}.Debug|Any CPU.Build.0 = Debug|Any CPU
		{73BA4AA8-9401-4D57-AAD9-B4AB1C09EE13}.Release|Any CPU.ActiveCfg = Release|Any CPU
		{73BA4AA8-9401-4D57-AAD9-B4AB1C09EE13}.Release|Any CPU.Build.0 = Release|Any CPU
		{789D8E49-DC64-48E9-AD2F-EB6BC17E5E0F}.Debug|Any CPU.ActiveCfg = Debug|Any CPU
		{789D8E49-DC64-48E9-AD2F-EB6BC17E5E0F}.Debug|Any CPU.Build.0 = Debug|Any CPU
		{789D8E49-DC64-48E9-AD2F-EB6BC17E5E0F}.Release|Any CPU.ActiveCfg = Release|Any CPU
		{789D8E49-DC64-48E9-AD2F-EB6BC17E5E0F}.Release|Any CPU.Build.0 = Release|Any CPU
		{26527EA1-0ED2-474C-AFE4-C876FA5D25E4}.Debug|Any CPU.ActiveCfg = Debug|Any CPU
		{26527EA1-0ED2-474C-AFE4-C876FA5D25E4}.Debug|Any CPU.Build.0 = Debug|Any CPU
		{26527EA1-0ED2-474C-AFE4-C876FA5D25E4}.Release|Any CPU.ActiveCfg = Release|Any CPU
		{26527EA1-0ED2-474C-AFE4-C876FA5D25E4}.Release|Any CPU.Build.0 = Release|Any CPU
		{2B6ED1A8-FDA6-4288-B4F6-EEEE9328ED67}.Debug|Any CPU.ActiveCfg = Debug|Any CPU
		{2B6ED1A8-FDA6-4288-B4F6-EEEE9328ED67}.Debug|Any CPU.Build.0 = Debug|Any CPU
		{2B6ED1A8-FDA6-4288-B4F6-EEEE9328ED67}.Release|Any CPU.ActiveCfg = Release|Any CPU
		{2B6ED1A8-FDA6-4288-B4F6-EEEE9328ED67}.Release|Any CPU.Build.0 = Release|Any CPU
		{E4793EE7-1168-4890-8C8B-358433E9F77F}.Debug|Any CPU.ActiveCfg = Debug|Any CPU
		{E4793EE7-1168-4890-8C8B-358433E9F77F}.Debug|Any CPU.Build.0 = Debug|Any CPU
		{E4793EE7-1168-4890-8C8B-358433E9F77F}.Release|Any CPU.ActiveCfg = Release|Any CPU
		{E4793EE7-1168-4890-8C8B-358433E9F77F}.Release|Any CPU.Build.0 = Release|Any CPU
		{60627D5B-EBDF-4CB3-A316-D991EDFF4028}.Debug|Any CPU.ActiveCfg = Debug|Any CPU
		{60627D5B-EBDF-4CB3-A316-D991EDFF4028}.Debug|Any CPU.Build.0 = Debug|Any CPU
		{60627D5B-EBDF-4CB3-A316-D991EDFF4028}.Release|Any CPU.ActiveCfg = Release|Any CPU
		{60627D5B-EBDF-4CB3-A316-D991EDFF4028}.Release|Any CPU.Build.0 = Release|Any CPU
		{5FB8F829-72BF-4663-ADBF-635B191EE5E1}.Debug|Any CPU.ActiveCfg = Debug|Any CPU
		{5FB8F829-72BF-4663-ADBF-635B191EE5E1}.Debug|Any CPU.Build.0 = Debug|Any CPU
		{5FB8F829-72BF-4663-ADBF-635B191EE5E1}.Release|Any CPU.ActiveCfg = Release|Any CPU
		{5FB8F829-72BF-4663-ADBF-635B191EE5E1}.Release|Any CPU.Build.0 = Release|Any CPU
		{14C02239-4D24-484C-BBBD-FCBB558EF50F}.Debug|Any CPU.ActiveCfg = Debug|Any CPU
		{14C02239-4D24-484C-BBBD-FCBB558EF50F}.Debug|Any CPU.Build.0 = Debug|Any CPU
		{14C02239-4D24-484C-BBBD-FCBB558EF50F}.Release|Any CPU.ActiveCfg = Release|Any CPU
		{14C02239-4D24-484C-BBBD-FCBB558EF50F}.Release|Any CPU.Build.0 = Release|Any CPU
		{3A27B269-9392-4D96-8E63-A7C4E03E3926}.Debug|Any CPU.ActiveCfg = Debug|Any CPU
		{3A27B269-9392-4D96-8E63-A7C4E03E3926}.Debug|Any CPU.Build.0 = Debug|Any CPU
		{3A27B269-9392-4D96-8E63-A7C4E03E3926}.Release|Any CPU.ActiveCfg = Release|Any CPU
		{3A27B269-9392-4D96-8E63-A7C4E03E3926}.Release|Any CPU.Build.0 = Release|Any CPU
	EndGlobalSection
	GlobalSection(SolutionProperties) = preSolution
		HideSolutionNode = FALSE
	EndGlobalSection
	GlobalSection(ExtensibilityGlobals) = postSolution
		SolutionGuid = {D7D44BE7-8FEC-4E61-847C-0747A7AC2AFE}
	EndGlobalSection
EndGlobal
